
Microsoft Visual Studio Solution File, Format Version 12.00
# Visual Studio Version 17
VisualStudioVersion = 17.0.32112.339
MinimumVisualStudioVersion = 10.0.40219.1
Project("{FAE04EC0-301F-11D3-BF4B-00C04F79EFBC}") = "P01.CountRealNumbers", "P01.CountRealNumbers\P01.CountRealNumbers.csproj", "{D4223232-17B1-4582-BEFF-216E2BF7B90A}"
EndProject
Project("{FAE04EC0-301F-11D3-BF4B-00C04F79EFBC}") = "P02.OddOccurrences", "P02.OddOccurrences\P02.OddOccurrences.csproj", "{3EDE5219-E49C-417C-9142-9E984AF0563C}"
EndProject
Project("{FAE04EC0-301F-11D3-BF4B-00C04F79EFBC}") = "P03.WordSynonyms", "P03.WordSynonyms\P03.WordSynonyms.csproj", "{F6A3AB07-1EC8-4AC5-B36E-948777628EDD}"
EndProject
Project("{FAE04EC0-301F-11D3-BF4B-00C04F79EFBC}") = "P04.WordFilter", "P04.WordFilter\P04.WordFilter.csproj", "{EEA9C847-5B2B-44DE-8B1E-D74C1DA42E91}"
EndProject
Global
	GlobalSection(SolutionConfigurationPlatforms) = preSolution
		Debug|Any CPU = Debug|Any CPU
		Release|Any CPU = Release|Any CPU
	EndGlobalSection
	GlobalSection(ProjectConfigurationPlatforms) = postSolution
		{D4223232-17B1-4582-BEFF-216E2BF7B90A}.Debug|Any CPU.ActiveCfg = Debug|Any CPU
		{D4223232-17B1-4582-BEFF-216E2BF7B90A}.Debug|Any CPU.Build.0 = Debug|Any CPU
		{D4223232-17B1-4582-BEFF-216E2BF7B90A}.Release|Any CPU.ActiveCfg = Release|Any CPU
		{D4223232-17B1-4582-BEFF-216E2BF7B90A}.Release|Any CPU.Build.0 = Release|Any CPU
		{3EDE5219-E49C-417C-9142-9E984AF0563C}.Debug|Any CPU.ActiveCfg = Debug|Any CPU
		{3EDE5219-E49C-417C-9142-9E984AF0563C}.Debug|Any CPU.Build.0 = Debug|Any CPU
		{3EDE5219-E49C-417C-9142-9E984AF0563C}.Release|Any CPU.ActiveCfg = Release|Any CPU
		{3EDE5219-E49C-417C-9142-9E984AF0563C}.Release|Any CPU.Build.0 = Release|Any CPU
		{F6A3AB07-1EC8-4AC5-B36E-948777628EDD}.Debug|Any CPU.ActiveCfg = Debug|Any CPU
		{F6A3AB07-1EC8-4AC5-B36E-948777628EDD}.Debug|Any CPU.Build.0 = Debug|Any CPU
		{F6A3AB07-1EC8-4AC5-B36E-948777628EDD}.Release|Any CPU.ActiveCfg = Release|Any CPU
		{F6A3AB07-1EC8-4AC5-B36E-948777628EDD}.Release|Any CPU.Build.0 = Release|Any CPU
		{EEA9C847-5B2B-44DE-8B1E-D74C1DA42E91}.Debug|Any CPU.ActiveCfg = Debug|Any CPU
		{EEA9C847-5B2B-44DE-8B1E-D74C1DA42E91}.Debug|Any CPU.Build.0 = Debug|Any CPU
		{EEA9C847-5B2B-44DE-8B1E-D74C1DA42E91}.Release|Any CPU.ActiveCfg = Release|Any CPU
		{EEA9C847-5B2B-44DE-8B1E-D74C1DA42E91}.Release|Any CPU.Build.0 = Release|Any CPU
	EndGlobalSection
	GlobalSection(SolutionProperties) = preSolution
		HideSolutionNode = FALSE
	EndGlobalSection
	GlobalSection(ExtensibilityGlobals) = postSolution
		SolutionGuid = {76FF49A6-B7F0-44DF-B5E1-C75597C20065}
	EndGlobalSection
EndGlobal
