
Microsoft Visual Studio Solution File, Format Version 12.00
# Visual Studio Version 17
VisualStudioVersion = 17.0.32112.339
MinimumVisualStudioVersion = 10.0.40219.1
Project("{FAE04EC0-301F-11D3-BF4B-00C04F79EFBC}") = "P01.GuineaPig", "P01.GuineaPig\P01.GuineaPig.csproj", "{23A01758-2AB1-44C8-BDDB-64924454319B}"
EndProject
Project("{FAE04EC0-301F-11D3-BF4B-00C04F79EFBC}") = "P02.ShoppingList", "P02.ShoppingList\P02.ShoppingList.csproj", "{79DCB652-7470-4DE8-9BC2-9E526097E481}"
EndProject
Project("{FAE04EC0-301F-11D3-BF4B-00C04F79EFBC}") = "P03.HeartDelivery", "P03.HeartDelivery\P03.HeartDelivery.csproj", "{FF678A35-BF7B-485F-A9ED-D149EFD7EAC6}"
EndProject
Global
	GlobalSection(SolutionConfigurationPlatforms) = preSolution
		Debug|Any CPU = Debug|Any CPU
		Release|Any CPU = Release|Any CPU
	EndGlobalSection
	GlobalSection(ProjectConfigurationPlatforms) = postSolution
		{23A01758-2AB1-44C8-BDDB-64924454319B}.Debug|Any CPU.ActiveCfg = Debug|Any CPU
		{23A01758-2AB1-44C8-BDDB-64924454319B}.Debug|Any CPU.Build.0 = Debug|Any CPU
		{23A01758-2AB1-44C8-BDDB-64924454319B}.Release|Any CPU.ActiveCfg = Release|Any CPU
		{23A01758-2AB1-44C8-BDDB-64924454319B}.Release|Any CPU.Build.0 = Release|Any CPU
		{79DCB652-7470-4DE8-9BC2-9E526097E481}.Debug|Any CPU.ActiveCfg = Debug|Any CPU
		{79DCB652-7470-4DE8-9BC2-9E526097E481}.Debug|Any CPU.Build.0 = Debug|Any CPU
		{79DCB652-7470-4DE8-9BC2-9E526097E481}.Release|Any CPU.ActiveCfg = Release|Any CPU
		{79DCB652-7470-4DE8-9BC2-9E526097E481}.Release|Any CPU.Build.0 = Release|Any CPU
		{FF678A35-BF7B-485F-A9ED-D149EFD7EAC6}.Debug|Any CPU.ActiveCfg = Debug|Any CPU
		{FF678A35-BF7B-485F-A9ED-D149EFD7EAC6}.Debug|Any CPU.Build.0 = Debug|Any CPU
		{FF678A35-BF7B-485F-A9ED-D149EFD7EAC6}.Release|Any CPU.ActiveCfg = Release|Any CPU
		{FF678A35-BF7B-485F-A9ED-D149EFD7EAC6}.Release|Any CPU.Build.0 = Release|Any CPU
	EndGlobalSection
	GlobalSection(SolutionProperties) = preSolution
		HideSolutionNode = FALSE
	EndGlobalSection
	GlobalSection(ExtensibilityGlobals) = postSolution
		SolutionGuid = {CB287B40-55BE-4222-9A6B-1A6A3C947122}
	EndGlobalSection
EndGlobal
